<?xml version="1.0" encoding="utf-8"?>
<Project ToolsVersion="4.0" xmlns="http://schemas.microsoft.com/developer/msbuild/2003">
  <ItemGroup>
    <Filter Include="Source Files">
      <UniqueIdentifier>{4FC737F1-C7A5-4376-A066-2A32D752A2FF}</UniqueIdentifier>
      <Extensions>cpp;c;cc;cxx;def;odl;idl;hpj;bat;asm;asmx</Extensions>
    </Filter>
    <Filter Include="Resource Files">
      <UniqueIdentifier>{67DA6AB6-F800-4c08-8B7A-83BB121AAD01}</UniqueIdentifier>
      <Extensions>rc;ico;cur;bmp;dlg;rc2;rct;bin;rgs;gif;jpg;jpeg;jpe;resx;tiff;tif;png;wav</Extensions>
    </Filter>
  </ItemGroup>
  <ItemGroup>
    <ResourceCompile Include="..\sample.rc">
      <Filter>Resource Files</Filter>
    </ResourceCompile>
  </ItemGroup>
  <ItemGroup>
    <ClInclude Include="Conexion.h" />
    <ClInclude Include="PantallaPrincipal.h" />
    <ClInclude Include="FormularioAcerca.h" />
    <ClInclude Include="Canales.h" />
    <ClInclude Include="MatrixEncoder.h" />
    <ClInclude Include="LowPassFilter.h" />
    <ClInclude Include="Callbacks.h" />
    <ClInclude Include="ArchivoControlVolumen.h" />
    <ClInclude Include="ErroresPrograma.h" />
    <ClInclude Include="FormularioControlVolumen.h" />
    <ClInclude Include="Inicializacion.h" />
    <ClInclude Include="ArchivoIndiceDispostivos.h" />
    <ClInclude Include="EstadoFormularioControlVolumen.h" />
    <ClInclude Include="FormularioAyuda.h" />
    <ClInclude Include="RutaArchivo.h" />
    <ClInclude Include="ArchivoCambioLenguaje.h" />
  </ItemGroup>
  <ItemGroup>
    <ClCompile Include="ArchivoControlVolumen.cpp">
      <Filter>Source Files</Filter>
    </ClCompile>
    <ClCompile Include="ArchvioIndiceDispostivos.cpp">
      <Filter>Source Files</Filter>
    </ClCompile>
    <ClCompile Include="Callbacks.cpp">
      <Filter>Source Files</Filter>
    </ClCompile>
    <ClCompile Include="ErroresPrograma.cpp">
      <Filter>Source Files</Filter>
    </ClCompile>
    <ClCompile Include="FormularioAcerca.cpp">
      <Filter>Source Files</Filter>
    </ClCompile>
    <ClCompile Include="FormularioControlVolumen.cpp">
      <Filter>Source Files</Filter>
    </ClCompile>
    <ClCompile Include="Inicializacion.cpp">
      <Filter>Source Files</Filter>
    </ClCompile>
    <ClCompile Include="LowPassFilter.cpp">
      <Filter>Source Files</Filter>
    </ClCompile>
    <ClCompile Include="MatrixEncoder.cpp">
      <Filter>Source Files</Filter>
    </ClCompile>
    <ClCompile Include="PantallaPrincipal.cpp">
      <Filter>Source Files</Filter>
    </ClCompile>
    <ClCompile Include="FormularioAyuda.cpp">
      <Filter>Source Files</Filter>
    </ClCompile>
    <ClCompile Include="ArchivoCambioLenguaje.cpp">
      <Filter>Source Files</Filter>
    </ClCompile>
    <ClCompile Include="RutaArchivo.cpp">
      <Filter>Source Files</Filter>
    </ClCompile>
  </ItemGroup>
</Project>